// !$*UTF8*$!
{
	archiveVersion = 1;
	classes = {
	};
	objectVersion = 46;
	objects = {

/* Begin PBXBuildFile section */
		521BF48C1F79C53000ABCAED /* Arrangement.swift in Sources */ = {isa = PBXBuildFile; fileRef = 528199FC1F7479DE000C62A0 /* Arrangement.swift */; };
		521BF48D1F79C53200ABCAED /* HandleView.swift in Sources */ = {isa = PBXBuildFile; fileRef = 528199FD1F7479DE000C62A0 /* HandleView.swift */; };
		521BF48E1F79C53400ABCAED /* InstantPanGestureRecognizer.swift in Sources */ = {isa = PBXBuildFile; fileRef = 528199FF1F7479DE000C62A0 /* InstantPanGestureRecognizer.swift */; };
		521BF48F1F79C53500ABCAED /* Snapped.swift in Sources */ = {isa = PBXBuildFile; fileRef = 52819A001F7479DE000C62A0 /* Snapped.swift */; };
		521BF4901F79C53600ABCAED /* SplitViewController.swift in Sources */ = {isa = PBXBuildFile; fileRef = 52819A021F7479DE000C62A0 /* SplitViewController.swift */; };
		5241E9981F49E55000107886 /* AppDelegate.swift in Sources */ = {isa = PBXBuildFile; fileRef = 5241E9971F49E55000107886 /* AppDelegate.swift */; };
		5241E99A1F49E55000107886 /* CodeViewController.swift in Sources */ = {isa = PBXBuildFile; fileRef = 5241E9991F49E55000107886 /* CodeViewController.swift */; };
		5241E99D1F49E55000107886 /* Main.storyboard in Resources */ = {isa = PBXBuildFile; fileRef = 5241E99B1F49E55000107886 /* Main.storyboard */; };
		5241E99F1F49E55000107886 /* Assets.xcassets in Resources */ = {isa = PBXBuildFile; fileRef = 5241E99E1F49E55000107886 /* Assets.xcassets */; };
		5241E9A21F49E55000107886 /* LaunchScreen.storyboard in Resources */ = {isa = PBXBuildFile; fileRef = 5241E9A01F49E55000107886 /* LaunchScreen.storyboard */; };
		5241E9AD1F49E55000107886 /* MetalToyTests.swift in Sources */ = {isa = PBXBuildFile; fileRef = 5241E9AC1F49E55000107886 /* MetalToyTests.swift */; };
		5241E9B81F49E55000107886 /* MetalToyUITests.swift in Sources */ = {isa = PBXBuildFile; fileRef = 5241E9B71F49E55000107886 /* MetalToyUITests.swift */; };
		5241E9C71F49F0A600107886 /* Metal.framework in Frameworks */ = {isa = PBXBuildFile; fileRef = 5241E9C61F49F0A600107886 /* Metal.framework */; };
		5241E9C91F49F0B000107886 /* MetalKit.framework in Frameworks */ = {isa = PBXBuildFile; fileRef = 5241E9C81F49F0B000107886 /* MetalKit.framework */; };
		5241E9CB1F4A234300107886 /* Shaders.metal in Sources */ = {isa = PBXBuildFile; fileRef = 5241E9CA1F4A234300107886 /* Shaders.metal */; };
		525F0C071F79BA0900FADC46 /* MetalViewController.swift in Sources */ = {isa = PBXBuildFile; fileRef = 525F0C061F79BA0900FADC46 /* MetalViewController.swift */; };
		525F0C091F79C08300FADC46 /* ViewController.swift in Sources */ = {isa = PBXBuildFile; fileRef = 525F0C081F79C08300FADC46 /* ViewController.swift */; };
		52619EB51FF1BDAD00490EF9 /* CompilerMessageButton.swift in Sources */ = {isa = PBXBuildFile; fileRef = 52619EB41FF1BDAD00490EF9 /* CompilerMessageButton.swift */; };
		5264C0361F4E3610001B9EEC /* Shaders.swift in Sources */ = {isa = PBXBuildFile; fileRef = 5264C0351F4E3610001B9EEC /* Shaders.swift */; };
		526D8CAF1FE9D0E100FB80FC /* CompilerOutputParser.swift in Sources */ = {isa = PBXBuildFile; fileRef = 526D8CAE1FE9D0E100FB80FC /* CompilerOutputParser.swift */; };
		5272A9991FEC7C49000D2449 /* KUIPopOver.swift in Sources */ = {isa = PBXBuildFile; fileRef = 5272A9981FEC7C49000D2449 /* KUIPopOver.swift */; };
		5272A99B1FEC7C55000D2449 /* KUIPopOverUsable.swift in Sources */ = {isa = PBXBuildFile; fileRef = 5272A99A1FEC7C55000D2449 /* KUIPopOverUsable.swift */; };
		5272A99D1FEC8126000D2449 /* PopupMessageViewController.swift in Sources */ = {isa = PBXBuildFile; fileRef = 5272A99C1FEC8126000D2449 /* PopupMessageViewController.swift */; };
		52E7C42B1FC7851200087B15 /* CodeAttributedString.swift in Sources */ = {isa = PBXBuildFile; fileRef = 52E7C31F1FC7851100087B15 /* CodeAttributedString.swift */; };
		52E7C42C1FC7851200087B15 /* Highlightr.swift in Sources */ = {isa = PBXBuildFile; fileRef = 52E7C3201FC7851100087B15 /* Highlightr.swift */; };
		52E7C42E1FC7851200087B15 /* HTMLUtils.swift in Sources */ = {isa = PBXBuildFile; fileRef = 52E7C3221FC7851100087B15 /* HTMLUtils.swift */; };
		52E7C42F1FC7851200087B15 /* Theme.swift in Sources */ = {isa = PBXBuildFile; fileRef = 52E7C3231FC7851100087B15 /* Theme.swift */; };
		52E7C4311FC7851200087B15 /* vs.min.css in Resources */ = {isa = PBXBuildFile; fileRef = 52E7C3271FC7851100087B15 /* vs.min.css */; };
		52E7C4321FC7851200087B15 /* atelier-seaside-dark.min.css in Resources */ = {isa = PBXBuildFile; fileRef = 52E7C3281FC7851100087B15 /* atelier-seaside-dark.min.css */; };
		52E7C4331FC7851200087B15 /* brown-paper.min.css in Resources */ = {isa = PBXBuildFile; fileRef = 52E7C3291FC7851100087B15 /* brown-paper.min.css */; };
		52E7C4341FC7851200087B15 /* atelier-plateau-light.min.css in Resources */ = {isa = PBXBuildFile; fileRef = 52E7C32A1FC7851100087B15 /* atelier-plateau-light.min.css */; };
		52E7C4351FC7851200087B15 /* school-book.min.css in Resources */ = {isa = PBXBuildFile; fileRef = 52E7C32B1FC7851100087B15 /* school-book.min.css */; };
		52E7C4361FC7851200087B15 /* xcode.min.css in Resources */ = {isa = PBXBuildFile; fileRef = 52E7C32C1FC7851100087B15 /* xcode.min.css */; };
		52E7C4371FC7851200087B15 /* atelier-sulphurpool-dark.min.css in Resources */ = {isa = PBXBuildFile; fileRef = 52E7C32D1FC7851100087B15 /* atelier-sulphurpool-dark.min.css */; };
		52E7C4381FC7851200087B15 /* tomorrow-night-blue.min.css in Resources */ = {isa = PBXBuildFile; fileRef = 52E7C32E1FC7851100087B15 /* tomorrow-night-blue.min.css */; };
		52E7C4391FC7851200087B15 /* vs2015.min.css in Resources */ = {isa = PBXBuildFile; fileRef = 52E7C32F1FC7851100087B15 /* vs2015.min.css */; };
		52E7C43A1FC7851200087B15 /* atelier-heath-dark.min.css in Resources */ = {isa = PBXBuildFile; fileRef = 52E7C3301FC7851100087B15 /* atelier-heath-dark.min.css */; };
		52E7C43B1FC7851200087B15 /* paraiso-light.min.css in Resources */ = {isa = PBXBuildFile; fileRef = 52E7C3311FC7851100087B15 /* paraiso-light.min.css */; };
		52E7C43C1FC7851200087B15 /* rainbow.min.css in Resources */ = {isa = PBXBuildFile; fileRef = 52E7C3321FC7851100087B15 /* rainbow.min.css */; };
		52E7C43D1FC7851200087B15 /* qtcreator_light.min.css in Resources */ = {isa = PBXBuildFile; fileRef = 52E7C3331FC7851100087B15 /* qtcreator_light.min.css */; };
		52E7C43E1FC7851200087B15 /* kimbie.dark.min.css in Resources */ = {isa = PBXBuildFile; fileRef = 52E7C3341FC7851100087B15 /* kimbie.dark.min.css */; };
		52E7C43F1FC7851200087B15 /* atelier-heath-light.min.css in Resources */ = {isa = PBXBuildFile; fileRef = 52E7C3351FC7851100087B15 /* atelier-heath-light.min.css */; };
		52E7C4401FC7851200087B15 /* far.min.css in Resources */ = {isa = PBXBuildFile; fileRef = 52E7C3361FC7851100087B15 /* far.min.css */; };
		52E7C4411FC7851200087B15 /* atelier-dune-dark.min.css in Resources */ = {isa = PBXBuildFile; fileRef = 52E7C3371FC7851100087B15 /* atelier-dune-dark.min.css */; };
		52E7C4421FC7851200087B15 /* kimbie.light.min.css in Resources */ = {isa = PBXBuildFile; fileRef = 52E7C3381FC7851100087B15 /* kimbie.light.min.css */; };
		52E7C4431FC7851200087B15 /* railscasts.min.css in Resources */ = {isa = PBXBuildFile; fileRef = 52E7C3391FC7851100087B15 /* railscasts.min.css */; };
		52E7C4441FC7851200087B15 /* solarized-dark.min.css in Resources */ = {isa = PBXBuildFile; fileRef = 52E7C33A1FC7851100087B15 /* solarized-dark.min.css */; };
		52E7C4451FC7851200087B15 /* atelier-estuary-light.min.css in Resources */ = {isa = PBXBuildFile; fileRef = 52E7C33B1FC7851100087B15 /* atelier-estuary-light.min.css */; };
		52E7C4461FC7851200087B15 /* xt256.min.css in Resources */ = {isa = PBXBuildFile; fileRef = 52E7C33C1FC7851100087B15 /* xt256.min.css */; };
		52E7C4471FC7851200087B15 /* mono-blue.min.css in Resources */ = {isa = PBXBuildFile; fileRef = 52E7C33D1FC7851200087B15 /* mono-blue.min.css */; };
		52E7C4481FC7851200087B15 /* ocean.min.css in Resources */ = {isa = PBXBuildFile; fileRef = 52E7C33E1FC7851200087B15 /* ocean.min.css */; };
		52E7C4491FC7851200087B15 /* github-gist.min.css in Resources */ = {isa = PBXBuildFile; fileRef = 52E7C33F1FC7851200087B15 /* github-gist.min.css */; };
		52E7C44A1FC7851200087B15 /* atelier-seaside-light.min.css in Resources */ = {isa = PBXBuildFile; fileRef = 52E7C3401FC7851200087B15 /* atelier-seaside-light.min.css */; };
		52E7C44B1FC7851200087B15 /* tomorrow-night-eighties.min.css in Resources */ = {isa = PBXBuildFile; fileRef = 52E7C3411FC7851200087B15 /* tomorrow-night-eighties.min.css */; };
		52E7C44C1FC7851200087B15 /* atom-one-dark.min.css in Resources */ = {isa = PBXBuildFile; fileRef = 52E7C3421FC7851200087B15 /* atom-one-dark.min.css */; };
		52E7C44D1FC7851200087B15 /* qtcreator_dark.min.css in Resources */ = {isa = PBXBuildFile; fileRef = 52E7C3431FC7851200087B15 /* qtcreator_dark.min.css */; };
		52E7C44E1FC7851200087B15 /* atelier-savanna-dark.min.css in Resources */ = {isa = PBXBuildFile; fileRef = 52E7C3441FC7851200087B15 /* atelier-savanna-dark.min.css */; };
		52E7C44F1FC7851200087B15 /* color-brewer.min.css in Resources */ = {isa = PBXBuildFile; fileRef = 52E7C3451FC7851200087B15 /* color-brewer.min.css */; };
		52E7C4501FC7851200087B15 /* pojoaque.min.css in Resources */ = {isa = PBXBuildFile; fileRef = 52E7C3461FC7851200087B15 /* pojoaque.min.css */; };
		52E7C4511FC7851200087B15 /* routeros.min.css in Resources */ = {isa = PBXBuildFile; fileRef = 52E7C3471FC7851200087B15 /* routeros.min.css */; };
		52E7C4521FC7851200087B15 /* atelier-forest-dark.min.css in Resources */ = {isa = PBXBuildFile; fileRef = 52E7C3481FC7851200087B15 /* atelier-forest-dark.min.css */; };
		52E7C4531FC7851200087B15 /* tomorrow-night.min.css in Resources */ = {isa = PBXBuildFile; fileRef = 52E7C3491FC7851200087B15 /* tomorrow-night.min.css */; };
		52E7C4541FC7851200087B15 /* obsidian.min.css in Resources */ = {isa = PBXBuildFile; fileRef = 52E7C34A1FC7851200087B15 /* obsidian.min.css */; };
		52E7C4551FC7851200087B15 /* atelier-lakeside-dark.min.css in Resources */ = {isa = PBXBuildFile; fileRef = 52E7C34B1FC7851200087B15 /* atelier-lakeside-dark.min.css */; };
		52E7C4561FC7851200087B15 /* gruvbox-light.min.css in Resources */ = {isa = PBXBuildFile; fileRef = 52E7C34C1FC7851200087B15 /* gruvbox-light.min.css */; };
		52E7C4571FC7851200087B15 /* idea.min.css in Resources */ = {isa = PBXBuildFile; fileRef = 52E7C34D1FC7851200087B15 /* idea.min.css */; };
		52E7C4581FC7851200087B15 /* tomorrow.min.css in Resources */ = {isa = PBXBuildFile; fileRef = 52E7C34E1FC7851200087B15 /* tomorrow.min.css */; };
		52E7C4591FC7851200087B15 /* atelier-forest-light.min.css in Resources */ = {isa = PBXBuildFile; fileRef = 52E7C34F1FC7851200087B15 /* atelier-forest-light.min.css */; };
		52E7C45A1FC7851200087B15 /* arduino-light.min.css in Resources */ = {isa = PBXBuildFile; fileRef = 52E7C3501FC7851200087B15 /* arduino-light.min.css */; };
		52E7C45B1FC7851200087B15 /* gruvbox-dark.min.css in Resources */ = {isa = PBXBuildFile; fileRef = 52E7C3511FC7851200087B15 /* gruvbox-dark.min.css */; };
		52E7C45C1FC7851200087B15 /* dracula.min.css in Resources */ = {isa = PBXBuildFile; fileRef = 52E7C3521FC7851200087B15 /* dracula.min.css */; };
		52E7C45D1FC7851200087B15 /* magula.min.css in Resources */ = {isa = PBXBuildFile; fileRef = 52E7C3531FC7851200087B15 /* magula.min.css */; };
		52E7C45E1FC7851200087B15 /* arta.min.css in Resources */ = {isa = PBXBuildFile; fileRef = 52E7C3541FC7851200087B15 /* arta.min.css */; };
		52E7C45F1FC7851200087B15 /* purebasic.min.css in Resources */ = {isa = PBXBuildFile; fileRef = 52E7C3551FC7851200087B15 /* purebasic.min.css */; };
		52E7C4601FC7851200087B15 /* hopscotch.min.css in Resources */ = {isa = PBXBuildFile; fileRef = 52E7C3561FC7851200087B15 /* hopscotch.min.css */; };
		52E7C4611FC7851200087B15 /* github.min.css in Resources */ = {isa = PBXBuildFile; fileRef = 52E7C3571FC7851200087B15 /* github.min.css */; };
		52E7C4621FC7851200087B15 /* dark.min.css in Resources */ = {isa = PBXBuildFile; fileRef = 52E7C3581FC7851200087B15 /* dark.min.css */; };
		52E7C4631FC7851200087B15 /* atom-one-light.min.css in Resources */ = {isa = PBXBuildFile; fileRef = 52E7C3591FC7851200087B15 /* atom-one-light.min.css */; };
		52E7C4641FC7851200087B15 /* monokai.min.css in Resources */ = {isa = PBXBuildFile; fileRef = 52E7C35A1FC7851200087B15 /* monokai.min.css */; };
		52E7C4651FC7851200087B15 /* docco.min.css in Resources */ = {isa = PBXBuildFile; fileRef = 52E7C35B1FC7851200087B15 /* docco.min.css */; };
		52E7C4661FC7851200087B15 /* default.min.css in Resources */ = {isa = PBXBuildFile; fileRef = 52E7C35C1FC7851200087B15 /* default.min.css */; };
		52E7C4671FC7851200087B15 /* ascetic.min.css in Resources */ = {isa = PBXBuildFile; fileRef = 52E7C35D1FC7851200087B15 /* ascetic.min.css */; };
		52E7C4681FC7851200087B15 /* atelier-cave-light.min.css in Resources */ = {isa = PBXBuildFile; fileRef = 52E7C35E1FC7851200087B15 /* atelier-cave-light.min.css */; };
		52E7C4691FC7851200087B15 /* atelier-sulphurpool-light.min.css in Resources */ = {isa = PBXBuildFile; fileRef = 52E7C35F1FC7851200087B15 /* atelier-sulphurpool-light.min.css */; };
		52E7C46A1FC7851200087B15 /* atelier-plateau-dark.min.css in Resources */ = {isa = PBXBuildFile; fileRef = 52E7C3601FC7851200087B15 /* atelier-plateau-dark.min.css */; };
		52E7C46B1FC7851200087B15 /* darkula.min.css in Resources */ = {isa = PBXBuildFile; fileRef = 52E7C3611FC7851200087B15 /* darkula.min.css */; };
		52E7C46C1FC7851200087B15 /* atelier-cave-dark.min.css in Resources */ = {isa = PBXBuildFile; fileRef = 52E7C3621FC7851200087B15 /* atelier-cave-dark.min.css */; };
		52E7C46D1FC7851200087B15 /* ir-black.min.css in Resources */ = {isa = PBXBuildFile; fileRef = 52E7C3631FC7851200087B15 /* ir-black.min.css */; };
		52E7C46E1FC7851200087B15 /* solarized-light.min.css in Resources */ = {isa = PBXBuildFile; fileRef = 52E7C3641FC7851200087B15 /* solarized-light.min.css */; };
		52E7C46F1FC7851200087B15 /* tomorrow-night-bright.min.css in Resources */ = {isa = PBXBuildFile; fileRef = 52E7C3651FC7851200087B15 /* tomorrow-night-bright.min.css */; };
		52E7C4701FC7851200087B15 /* atelier-savanna-light.min.css in Resources */ = {isa = PBXBuildFile; fileRef = 52E7C3661FC7851200087B15 /* atelier-savanna-light.min.css */; };
		52E7C4711FC7851200087B15 /* foundation.min.css in Resources */ = {isa = PBXBuildFile; fileRef = 52E7C3671FC7851200087B15 /* foundation.min.css */; };
		52E7C4721FC7851200087B15 /* codepen-embed.min.css in Resources */ = {isa = PBXBuildFile; fileRef = 52E7C3681FC7851200087B15 /* codepen-embed.min.css */; };
		52E7C4731FC7851200087B15 /* atelier-estuary-dark.min.css in Resources */ = {isa = PBXBuildFile; fileRef = 52E7C3691FC7851200087B15 /* atelier-estuary-dark.min.css */; };
		52E7C4741FC7851200087B15 /* googlecode.min.css in Resources */ = {isa = PBXBuildFile; fileRef = 52E7C36A1FC7851200087B15 /* googlecode.min.css */; };
		52E7C4751FC7851200087B15 /* atelier-dune-light.min.css in Resources */ = {isa = PBXBuildFile; fileRef = 52E7C36B1FC7851200087B15 /* atelier-dune-light.min.css */; };
		52E7C4761FC7851200087B15 /* paraiso-dark.min.css in Resources */ = {isa = PBXBuildFile; fileRef = 52E7C36C1FC7851200087B15 /* paraiso-dark.min.css */; };
		52E7C4771FC7851200087B15 /* brown-papersq.png in Resources */ = {isa = PBXBuildFile; fileRef = 52E7C36D1FC7851200087B15 /* brown-papersq.png */; };
		52E7C4781FC7851200087B15 /* zenburn.min.css in Resources */ = {isa = PBXBuildFile; fileRef = 52E7C36E1FC7851200087B15 /* zenburn.min.css */; };
		52E7C4791FC7851200087B15 /* androidstudio.min.css in Resources */ = {isa = PBXBuildFile; fileRef = 52E7C36F1FC7851200087B15 /* androidstudio.min.css */; };
		52E7C47A1FC7851200087B15 /* grayscale.min.css in Resources */ = {isa = PBXBuildFile; fileRef = 52E7C3701FC7851200087B15 /* grayscale.min.css */; };
		52E7C47B1FC7851200087B15 /* sunburst.min.css in Resources */ = {isa = PBXBuildFile; fileRef = 52E7C3711FC7851200087B15 /* sunburst.min.css */; };
		52E7C47C1FC7851200087B15 /* agate.min.css in Resources */ = {isa = PBXBuildFile; fileRef = 52E7C3721FC7851200087B15 /* agate.min.css */; };
		52E7C47D1FC7851200087B15 /* hybrid.min.css in Resources */ = {isa = PBXBuildFile; fileRef = 52E7C3731FC7851200087B15 /* hybrid.min.css */; };
		52E7C47E1FC7851200087B15 /* darcula.min.css in Resources */ = {isa = PBXBuildFile; fileRef = 52E7C3741FC7851200087B15 /* darcula.min.css */; };
		52E7C47F1FC7851200087B15 /* atelier-lakeside-light.min.css in Resources */ = {isa = PBXBuildFile; fileRef = 52E7C3751FC7851200087B15 /* atelier-lakeside-light.min.css */; };
		52E7C4801FC7851200087B15 /* monokai-sublime.min.css in Resources */ = {isa = PBXBuildFile; fileRef = 52E7C3761FC7851200087B15 /* monokai-sublime.min.css */; };
		52E7C4811FC7851200087B15 /* LICENSE in Resources */ = {isa = PBXBuildFile; fileRef = 52E7C3781FC7851200087B15 /* LICENSE */; };
		52E7C5321FC7851200087B15 /* highlight.min.js in Resources */ = {isa = PBXBuildFile; fileRef = 52E7C42A1FC7851200087B15 /* highlight.min.js */; };
/* End PBXBuildFile section */

/* Begin PBXContainerItemProxy section */
		5241E9A91F49E55000107886 /* PBXContainerItemProxy */ = {
			isa = PBXContainerItemProxy;
			containerPortal = 5241E98C1F49E55000107886 /* Project object */;
			proxyType = 1;
			remoteGlobalIDString = 5241E9931F49E55000107886;
			remoteInfo = MetalToy;
		};
		5241E9B41F49E55000107886 /* PBXContainerItemProxy */ = {
			isa = PBXContainerItemProxy;
			containerPortal = 5241E98C1F49E55000107886 /* Project object */;
			proxyType = 1;
			remoteGlobalIDString = 5241E9931F49E55000107886;
			remoteInfo = MetalToy;
		};
/* End PBXContainerItemProxy section */

/* Begin PBXFileReference section */
		5241E9941F49E55000107886 /* MetalToy.app */ = {isa = PBXFileReference; explicitFileType = wrapper.application; includeInIndex = 0; path = MetalToy.app; sourceTree = BUILT_PRODUCTS_DIR; };
		5241E9971F49E55000107886 /* AppDelegate.swift */ = {isa = PBXFileReference; lastKnownFileType = sourcecode.swift; path = AppDelegate.swift; sourceTree = "<group>"; };
		5241E9991F49E55000107886 /* CodeViewController.swift */ = {isa = PBXFileReference; lastKnownFileType = sourcecode.swift; path = CodeViewController.swift; sourceTree = "<group>"; };
		5241E99C1F49E55000107886 /* Base */ = {isa = PBXFileReference; lastKnownFileType = file.storyboard; name = Base; path = Base.lproj/Main.storyboard; sourceTree = "<group>"; };
		5241E99E1F49E55000107886 /* Assets.xcassets */ = {isa = PBXFileReference; lastKnownFileType = folder.assetcatalog; path = Assets.xcassets; sourceTree = "<group>"; };
		5241E9A11F49E55000107886 /* Base */ = {isa = PBXFileReference; lastKnownFileType = file.storyboard; name = Base; path = Base.lproj/LaunchScreen.storyboard; sourceTree = "<group>"; };
		5241E9A31F49E55000107886 /* Info.plist */ = {isa = PBXFileReference; lastKnownFileType = text.plist.xml; path = Info.plist; sourceTree = "<group>"; };
		5241E9A81F49E55000107886 /* MetalToyTests.xctest */ = {isa = PBXFileReference; explicitFileType = wrapper.cfbundle; includeInIndex = 0; path = MetalToyTests.xctest; sourceTree = BUILT_PRODUCTS_DIR; };
		5241E9AC1F49E55000107886 /* MetalToyTests.swift */ = {isa = PBXFileReference; lastKnownFileType = sourcecode.swift; path = MetalToyTests.swift; sourceTree = "<group>"; };
		5241E9AE1F49E55000107886 /* Info.plist */ = {isa = PBXFileReference; lastKnownFileType = text.plist.xml; path = Info.plist; sourceTree = "<group>"; };
		5241E9B31F49E55000107886 /* MetalToyUITests.xctest */ = {isa = PBXFileReference; explicitFileType = wrapper.cfbundle; includeInIndex = 0; path = MetalToyUITests.xctest; sourceTree = BUILT_PRODUCTS_DIR; };
		5241E9B71F49E55000107886 /* MetalToyUITests.swift */ = {isa = PBXFileReference; lastKnownFileType = sourcecode.swift; path = MetalToyUITests.swift; sourceTree = "<group>"; };
		5241E9B91F49E55000107886 /* Info.plist */ = {isa = PBXFileReference; lastKnownFileType = text.plist.xml; path = Info.plist; sourceTree = "<group>"; };
		5241E9C61F49F0A600107886 /* Metal.framework */ = {isa = PBXFileReference; lastKnownFileType = wrapper.framework; name = Metal.framework; path = System/Library/Frameworks/Metal.framework; sourceTree = SDKROOT; };
		5241E9C81F49F0B000107886 /* MetalKit.framework */ = {isa = PBXFileReference; lastKnownFileType = wrapper.framework; name = MetalKit.framework; path = System/Library/Frameworks/MetalKit.framework; sourceTree = SDKROOT; };
		5241E9CA1F4A234300107886 /* Shaders.metal */ = {isa = PBXFileReference; fileEncoding = 4; lastKnownFileType = sourcecode.metal; path = Shaders.metal; sourceTree = "<group>"; };
		525F0C061F79BA0900FADC46 /* MetalViewController.swift */ = {isa = PBXFileReference; lastKnownFileType = sourcecode.swift; path = MetalViewController.swift; sourceTree = "<group>"; };
		525F0C081F79C08300FADC46 /* ViewController.swift */ = {isa = PBXFileReference; lastKnownFileType = sourcecode.swift; path = ViewController.swift; sourceTree = "<group>"; };
		52619EB41FF1BDAD00490EF9 /* CompilerMessageButton.swift */ = {isa = PBXFileReference; lastKnownFileType = sourcecode.swift; path = CompilerMessageButton.swift; sourceTree = "<group>"; };
		5264C0351F4E3610001B9EEC /* Shaders.swift */ = {isa = PBXFileReference; fileEncoding = 4; lastKnownFileType = sourcecode.swift; path = Shaders.swift; sourceTree = "<group>"; };
		526D8CAE1FE9D0E100FB80FC /* CompilerOutputParser.swift */ = {isa = PBXFileReference; lastKnownFileType = sourcecode.swift; path = CompilerOutputParser.swift; sourceTree = "<group>"; };
		5272A9981FEC7C49000D2449 /* KUIPopOver.swift */ = {isa = PBXFileReference; fileEncoding = 4; lastKnownFileType = sourcecode.swift; path = KUIPopOver.swift; sourceTree = "<group>"; };
		5272A99A1FEC7C55000D2449 /* KUIPopOverUsable.swift */ = {isa = PBXFileReference; fileEncoding = 4; lastKnownFileType = sourcecode.swift; path = KUIPopOverUsable.swift; sourceTree = "<group>"; };
		5272A99C1FEC8126000D2449 /* PopupMessageViewController.swift */ = {isa = PBXFileReference; lastKnownFileType = sourcecode.swift; path = PopupMessageViewController.swift; sourceTree = "<group>"; };
		528199FC1F7479DE000C62A0 /* Arrangement.swift */ = {isa = PBXFileReference; lastKnownFileType = sourcecode.swift; path = Arrangement.swift; sourceTree = "<group>"; };
		528199FD1F7479DE000C62A0 /* HandleView.swift */ = {isa = PBXFileReference; lastKnownFileType = sourcecode.swift; path = HandleView.swift; sourceTree = "<group>"; };
		528199FF1F7479DE000C62A0 /* InstantPanGestureRecognizer.swift */ = {isa = PBXFileReference; lastKnownFileType = sourcecode.swift; path = InstantPanGestureRecognizer.swift; sourceTree = "<group>"; };
		52819A001F7479DE000C62A0 /* Snapped.swift */ = {isa = PBXFileReference; lastKnownFileType = sourcecode.swift; path = Snapped.swift; sourceTree = "<group>"; };
		52819A021F7479DE000C62A0 /* SplitViewController.swift */ = {isa = PBXFileReference; lastKnownFileType = sourcecode.swift; path = SplitViewController.swift; sourceTree = "<group>"; };
		52E7C31F1FC7851100087B15 /* CodeAttributedString.swift */ = {isa = PBXFileReference; fileEncoding = 4; lastKnownFileType = sourcecode.swift; path = CodeAttributedString.swift; sourceTree = "<group>"; };
		52E7C3201FC7851100087B15 /* Highlightr.swift */ = {isa = PBXFileReference; fileEncoding = 4; lastKnownFileType = sourcecode.swift; path = Highlightr.swift; sourceTree = "<group>"; };
		52E7C3221FC7851100087B15 /* HTMLUtils.swift */ = {isa = PBXFileReference; fileEncoding = 4; lastKnownFileType = sourcecode.swift; path = HTMLUtils.swift; sourceTree = "<group>"; };
		52E7C3231FC7851100087B15 /* Theme.swift */ = {isa = PBXFileReference; fileEncoding = 4; lastKnownFileType = sourcecode.swift; path = Theme.swift; sourceTree = "<group>"; };
		52E7C3271FC7851100087B15 /* vs.min.css */ = {isa = PBXFileReference; fileEncoding = 4; lastKnownFileType = text.css; path = vs.min.css; sourceTree = "<group>"; };
		52E7C3281FC7851100087B15 /* atelier-seaside-dark.min.css */ = {isa = PBXFileReference; fileEncoding = 4; lastKnownFileType = text.css; path = "atelier-seaside-dark.min.css"; sourceTree = "<group>"; };
		52E7C3291FC7851100087B15 /* brown-paper.min.css */ = {isa = PBXFileReference; fileEncoding = 4; lastKnownFileType = text.css; path = "brown-paper.min.css"; sourceTree = "<group>"; };
		52E7C32A1FC7851100087B15 /* atelier-plateau-light.min.css */ = {isa = PBXFileReference; fileEncoding = 4; lastKnownFileType = text.css; path = "atelier-plateau-light.min.css"; sourceTree = "<group>"; };
		52E7C32B1FC7851100087B15 /* school-book.min.css */ = {isa = PBXFileReference; fileEncoding = 4; lastKnownFileType = text.css; path = "school-book.min.css"; sourceTree = "<group>"; };
		52E7C32C1FC7851100087B15 /* xcode.min.css */ = {isa = PBXFileReference; fileEncoding = 4; lastKnownFileType = text.css; path = xcode.min.css; sourceTree = "<group>"; };
		52E7C32D1FC7851100087B15 /* atelier-sulphurpool-dark.min.css */ = {isa = PBXFileReference; fileEncoding = 4; lastKnownFileType = text.css; path = "atelier-sulphurpool-dark.min.css"; sourceTree = "<group>"; };
		52E7C32E1FC7851100087B15 /* tomorrow-night-blue.min.css */ = {isa = PBXFileReference; fileEncoding = 4; lastKnownFileType = text.css; path = "tomorrow-night-blue.min.css"; sourceTree = "<group>"; };
		52E7C32F1FC7851100087B15 /* vs2015.min.css */ = {isa = PBXFileReference; fileEncoding = 4; lastKnownFileType = text.css; path = vs2015.min.css; sourceTree = "<group>"; };
		52E7C3301FC7851100087B15 /* atelier-heath-dark.min.css */ = {isa = PBXFileReference; fileEncoding = 4; lastKnownFileType = text.css; path = "atelier-heath-dark.min.css"; sourceTree = "<group>"; };
		52E7C3311FC7851100087B15 /* paraiso-light.min.css */ = {isa = PBXFileReference; fileEncoding = 4; lastKnownFileType = text.css; path = "paraiso-light.min.css"; sourceTree = "<group>"; };
		52E7C3321FC7851100087B15 /* rainbow.min.css */ = {isa = PBXFileReference; fileEncoding = 4; lastKnownFileType = text.css; path = rainbow.min.css; sourceTree = "<group>"; };
		52E7C3331FC7851100087B15 /* qtcreator_light.min.css */ = {isa = PBXFileReference; fileEncoding = 4; lastKnownFileType = text.css; path = qtcreator_light.min.css; sourceTree = "<group>"; };
		52E7C3341FC7851100087B15 /* kimbie.dark.min.css */ = {isa = PBXFileReference; fileEncoding = 4; lastKnownFileType = text.css; path = kimbie.dark.min.css; sourceTree = "<group>"; };
		52E7C3351FC7851100087B15 /* atelier-heath-light.min.css */ = {isa = PBXFileReference; fileEncoding = 4; lastKnownFileType = text.css; path = "atelier-heath-light.min.css"; sourceTree = "<group>"; };
		52E7C3361FC7851100087B15 /* far.min.css */ = {isa = PBXFileReference; fileEncoding = 4; lastKnownFileType = text.css; path = far.min.css; sourceTree = "<group>"; };
		52E7C3371FC7851100087B15 /* atelier-dune-dark.min.css */ = {isa = PBXFileReference; fileEncoding = 4; lastKnownFileType = text.css; path = "atelier-dune-dark.min.css"; sourceTree = "<group>"; };
		52E7C3381FC7851100087B15 /* kimbie.light.min.css */ = {isa = PBXFileReference; fileEncoding = 4; lastKnownFileType = text.css; path = kimbie.light.min.css; sourceTree = "<group>"; };
		52E7C3391FC7851100087B15 /* railscasts.min.css */ = {isa = PBXFileReference; fileEncoding = 4; lastKnownFileType = text.css; path = railscasts.min.css; sourceTree = "<group>"; };
		52E7C33A1FC7851100087B15 /* solarized-dark.min.css */ = {isa = PBXFileReference; fileEncoding = 4; lastKnownFileType = text.css; path = "solarized-dark.min.css"; sourceTree = "<group>"; };
		52E7C33B1FC7851100087B15 /* atelier-estuary-light.min.css */ = {isa = PBXFileReference; fileEncoding = 4; lastKnownFileType = text.css; path = "atelier-estuary-light.min.css"; sourceTree = "<group>"; };
		52E7C33C1FC7851100087B15 /* xt256.min.css */ = {isa = PBXFileReference; fileEncoding = 4; lastKnownFileType = text.css; path = xt256.min.css; sourceTree = "<group>"; };
		52E7C33D1FC7851200087B15 /* mono-blue.min.css */ = {isa = PBXFileReference; fileEncoding = 4; lastKnownFileType = text.css; path = "mono-blue.min.css"; sourceTree = "<group>"; };
		52E7C33E1FC7851200087B15 /* ocean.min.css */ = {isa = PBXFileReference; fileEncoding = 4; lastKnownFileType = text.css; path = ocean.min.css; sourceTree = "<group>"; };
		52E7C33F1FC7851200087B15 /* github-gist.min.css */ = {isa = PBXFileReference; fileEncoding = 4; lastKnownFileType = text.css; path = "github-gist.min.css"; sourceTree = "<group>"; };
		52E7C3401FC7851200087B15 /* atelier-seaside-light.min.css */ = {isa = PBXFileReference; fileEncoding = 4; lastKnownFileType = text.css; path = "atelier-seaside-light.min.css"; sourceTree = "<group>"; };
		52E7C3411FC7851200087B15 /* tomorrow-night-eighties.min.css */ = {isa = PBXFileReference; fileEncoding = 4; lastKnownFileType = text.css; path = "tomorrow-night-eighties.min.css"; sourceTree = "<group>"; };
		52E7C3421FC7851200087B15 /* atom-one-dark.min.css */ = {isa = PBXFileReference; fileEncoding = 4; lastKnownFileType = text.css; path = "atom-one-dark.min.css"; sourceTree = "<group>"; };
		52E7C3431FC7851200087B15 /* qtcreator_dark.min.css */ = {isa = PBXFileReference; fileEncoding = 4; lastKnownFileType = text.css; path = qtcreator_dark.min.css; sourceTree = "<group>"; };
		52E7C3441FC7851200087B15 /* atelier-savanna-dark.min.css */ = {isa = PBXFileReference; fileEncoding = 4; lastKnownFileType = text.css; path = "atelier-savanna-dark.min.css"; sourceTree = "<group>"; };
		52E7C3451FC7851200087B15 /* color-brewer.min.css */ = {isa = PBXFileReference; fileEncoding = 4; lastKnownFileType = text.css; path = "color-brewer.min.css"; sourceTree = "<group>"; };
		52E7C3461FC7851200087B15 /* pojoaque.min.css */ = {isa = PBXFileReference; fileEncoding = 4; lastKnownFileType = text.css; path = pojoaque.min.css; sourceTree = "<group>"; };
		52E7C3471FC7851200087B15 /* routeros.min.css */ = {isa = PBXFileReference; fileEncoding = 4; lastKnownFileType = text.css; path = routeros.min.css; sourceTree = "<group>"; };
		52E7C3481FC7851200087B15 /* atelier-forest-dark.min.css */ = {isa = PBXFileReference; fileEncoding = 4; lastKnownFileType = text.css; path = "atelier-forest-dark.min.css"; sourceTree = "<group>"; };
		52E7C3491FC7851200087B15 /* tomorrow-night.min.css */ = {isa = PBXFileReference; fileEncoding = 4; lastKnownFileType = text.css; path = "tomorrow-night.min.css"; sourceTree = "<group>"; };
		52E7C34A1FC7851200087B15 /* obsidian.min.css */ = {isa = PBXFileReference; fileEncoding = 4; lastKnownFileType = text.css; path = obsidian.min.css; sourceTree = "<group>"; };
		52E7C34B1FC7851200087B15 /* atelier-lakeside-dark.min.css */ = {isa = PBXFileReference; fileEncoding = 4; lastKnownFileType = text.css; path = "atelier-lakeside-dark.min.css"; sourceTree = "<group>"; };
		52E7C34C1FC7851200087B15 /* gruvbox-light.min.css */ = {isa = PBXFileReference; fileEncoding = 4; lastKnownFileType = text.css; path = "gruvbox-light.min.css"; sourceTree = "<group>"; };
		52E7C34D1FC7851200087B15 /* idea.min.css */ = {isa = PBXFileReference; fileEncoding = 4; lastKnownFileType = text.css; path = idea.min.css; sourceTree = "<group>"; };
		52E7C34E1FC7851200087B15 /* tomorrow.min.css */ = {isa = PBXFileReference; fileEncoding = 4; lastKnownFileType = text.css; path = tomorrow.min.css; sourceTree = "<group>"; };
		52E7C34F1FC7851200087B15 /* atelier-forest-light.min.css */ = {isa = PBXFileReference; fileEncoding = 4; lastKnownFileType = text.css; path = "atelier-forest-light.min.css"; sourceTree = "<group>"; };
		52E7C3501FC7851200087B15 /* arduino-light.min.css */ = {isa = PBXFileReference; fileEncoding = 4; lastKnownFileType = text.css; path = "arduino-light.min.css"; sourceTree = "<group>"; };
		52E7C3511FC7851200087B15 /* gruvbox-dark.min.css */ = {isa = PBXFileReference; fileEncoding = 4; lastKnownFileType = text.css; path = "gruvbox-dark.min.css"; sourceTree = "<group>"; };
		52E7C3521FC7851200087B15 /* dracula.min.css */ = {isa = PBXFileReference; fileEncoding = 4; lastKnownFileType = text.css; path = dracula.min.css; sourceTree = "<group>"; };
		52E7C3531FC7851200087B15 /* magula.min.css */ = {isa = PBXFileReference; fileEncoding = 4; lastKnownFileType = text.css; path = magula.min.css; sourceTree = "<group>"; };
		52E7C3541FC7851200087B15 /* arta.min.css */ = {isa = PBXFileReference; fileEncoding = 4; lastKnownFileType = text.css; path = arta.min.css; sourceTree = "<group>"; };
		52E7C3551FC7851200087B15 /* purebasic.min.css */ = {isa = PBXFileReference; fileEncoding = 4; lastKnownFileType = text.css; path = purebasic.min.css; sourceTree = "<group>"; };
		52E7C3561FC7851200087B15 /* hopscotch.min.css */ = {isa = PBXFileReference; fileEncoding = 4; lastKnownFileType = text.css; path = hopscotch.min.css; sourceTree = "<group>"; };
		52E7C3571FC7851200087B15 /* github.min.css */ = {isa = PBXFileReference; fileEncoding = 4; lastKnownFileType = text.css; path = github.min.css; sourceTree = "<group>"; };
		52E7C3581FC7851200087B15 /* dark.min.css */ = {isa = PBXFileReference; fileEncoding = 4; lastKnownFileType = text.css; path = dark.min.css; sourceTree = "<group>"; };
		52E7C3591FC7851200087B15 /* atom-one-light.min.css */ = {isa = PBXFileReference; fileEncoding = 4; lastKnownFileType = text.css; path = "atom-one-light.min.css"; sourceTree = "<group>"; };
		52E7C35A1FC7851200087B15 /* monokai.min.css */ = {isa = PBXFileReference; fileEncoding = 4; lastKnownFileType = text.css; path = monokai.min.css; sourceTree = "<group>"; };
		52E7C35B1FC7851200087B15 /* docco.min.css */ = {isa = PBXFileReference; fileEncoding = 4; lastKnownFileType = text.css; path = docco.min.css; sourceTree = "<group>"; };
		52E7C35C1FC7851200087B15 /* default.min.css */ = {isa = PBXFileReference; fileEncoding = 4; lastKnownFileType = text.css; path = default.min.css; sourceTree = "<group>"; };
		52E7C35D1FC7851200087B15 /* ascetic.min.css */ = {isa = PBXFileReference; fileEncoding = 4; lastKnownFileType = text.css; path = ascetic.min.css; sourceTree = "<group>"; };
		52E7C35E1FC7851200087B15 /* atelier-cave-light.min.css */ = {isa = PBXFileReference; fileEncoding = 4; lastKnownFileType = text.css; path = "atelier-cave-light.min.css"; sourceTree = "<group>"; };
		52E7C35F1FC7851200087B15 /* atelier-sulphurpool-light.min.css */ = {isa = PBXFileReference; fileEncoding = 4; lastKnownFileType = text.css; path = "atelier-sulphurpool-light.min.css"; sourceTree = "<group>"; };
		52E7C3601FC7851200087B15 /* atelier-plateau-dark.min.css */ = {isa = PBXFileReference; fileEncoding = 4; lastKnownFileType = text.css; path = "atelier-plateau-dark.min.css"; sourceTree = "<group>"; };
		52E7C3611FC7851200087B15 /* darkula.min.css */ = {isa = PBXFileReference; fileEncoding = 4; lastKnownFileType = text.css; path = darkula.min.css; sourceTree = "<group>"; };
		52E7C3621FC7851200087B15 /* atelier-cave-dark.min.css */ = {isa = PBXFileReference; fileEncoding = 4; lastKnownFileType = text.css; path = "atelier-cave-dark.min.css"; sourceTree = "<group>"; };
		52E7C3631FC7851200087B15 /* ir-black.min.css */ = {isa = PBXFileReference; fileEncoding = 4; lastKnownFileType = text.css; path = "ir-black.min.css"; sourceTree = "<group>"; };
		52E7C3641FC7851200087B15 /* solarized-light.min.css */ = {isa = PBXFileReference; fileEncoding = 4; lastKnownFileType = text.css; path = "solarized-light.min.css"; sourceTree = "<group>"; };
		52E7C3651FC7851200087B15 /* tomorrow-night-bright.min.css */ = {isa = PBXFileReference; fileEncoding = 4; lastKnownFileType = text.css; path = "tomorrow-night-bright.min.css"; sourceTree = "<group>"; };
		52E7C3661FC7851200087B15 /* atelier-savanna-light.min.css */ = {isa = PBXFileReference; fileEncoding = 4; lastKnownFileType = text.css; path = "atelier-savanna-light.min.css"; sourceTree = "<group>"; };
		52E7C3671FC7851200087B15 /* foundation.min.css */ = {isa = PBXFileReference; fileEncoding = 4; lastKnownFileType = text.css; path = foundation.min.css; sourceTree = "<group>"; };
		52E7C3681FC7851200087B15 /* codepen-embed.min.css */ = {isa = PBXFileReference; fileEncoding = 4; lastKnownFileType = text.css; path = "codepen-embed.min.css"; sourceTree = "<group>"; };
		52E7C3691FC7851200087B15 /* atelier-estuary-dark.min.css */ = {isa = PBXFileReference; fileEncoding = 4; lastKnownFileType = text.css; path = "atelier-estuary-dark.min.css"; sourceTree = "<group>"; };
		52E7C36A1FC7851200087B15 /* googlecode.min.css */ = {isa = PBXFileReference; fileEncoding = 4; lastKnownFileType = text.css; path = googlecode.min.css; sourceTree = "<group>"; };
		52E7C36B1FC7851200087B15 /* atelier-dune-light.min.css */ = {isa = PBXFileReference; fileEncoding = 4; lastKnownFileType = text.css; path = "atelier-dune-light.min.css"; sourceTree = "<group>"; };
		52E7C36C1FC7851200087B15 /* paraiso-dark.min.css */ = {isa = PBXFileReference; fileEncoding = 4; lastKnownFileType = text.css; path = "paraiso-dark.min.css"; sourceTree = "<group>"; };
		52E7C36D1FC7851200087B15 /* brown-papersq.png */ = {isa = PBXFileReference; lastKnownFileType = image.png; path = "brown-papersq.png"; sourceTree = "<group>"; };
		52E7C36E1FC7851200087B15 /* zenburn.min.css */ = {isa = PBXFileReference; fileEncoding = 4; lastKnownFileType = text.css; path = zenburn.min.css; sourceTree = "<group>"; };
		52E7C36F1FC7851200087B15 /* androidstudio.min.css */ = {isa = PBXFileReference; fileEncoding = 4; lastKnownFileType = text.css; path = androidstudio.min.css; sourceTree = "<group>"; };
		52E7C3701FC7851200087B15 /* grayscale.min.css */ = {isa = PBXFileReference; fileEncoding = 4; lastKnownFileType = text.css; path = grayscale.min.css; sourceTree = "<group>"; };
		52E7C3711FC7851200087B15 /* sunburst.min.css */ = {isa = PBXFileReference; fileEncoding = 4; lastKnownFileType = text.css; path = sunburst.min.css; sourceTree = "<group>"; };
		52E7C3721FC7851200087B15 /* agate.min.css */ = {isa = PBXFileReference; fileEncoding = 4; lastKnownFileType = text.css; path = agate.min.css; sourceTree = "<group>"; };
		52E7C3731FC7851200087B15 /* hybrid.min.css */ = {isa = PBXFileReference; fileEncoding = 4; lastKnownFileType = text.css; path = hybrid.min.css; sourceTree = "<group>"; };
		52E7C3741FC7851200087B15 /* darcula.min.css */ = {isa = PBXFileReference; fileEncoding = 4; lastKnownFileType = text.css; path = darcula.min.css; sourceTree = "<group>"; };
		52E7C3751FC7851200087B15 /* atelier-lakeside-light.min.css */ = {isa = PBXFileReference; fileEncoding = 4; lastKnownFileType = text.css; path = "atelier-lakeside-light.min.css"; sourceTree = "<group>"; };
		52E7C3761FC7851200087B15 /* monokai-sublime.min.css */ = {isa = PBXFileReference; fileEncoding = 4; lastKnownFileType = text.css; path = "monokai-sublime.min.css"; sourceTree = "<group>"; };
		52E7C3781FC7851200087B15 /* LICENSE */ = {isa = PBXFileReference; fileEncoding = 4; lastKnownFileType = text; path = LICENSE; sourceTree = "<group>"; };
		52E7C42A1FC7851200087B15 /* highlight.min.js */ = {isa = PBXFileReference; fileEncoding = 4; lastKnownFileType = sourcecode.javascript; path = highlight.min.js; sourceTree = "<group>"; };
/* End PBXFileReference section */

/* Begin PBXFrameworksBuildPhase section */
		5241E9911F49E55000107886 /* Frameworks */ = {
			isa = PBXFrameworksBuildPhase;
			buildActionMask = 2147483647;
			files = (
				5241E9C91F49F0B000107886 /* MetalKit.framework in Frameworks */,
				5241E9C71F49F0A600107886 /* Metal.framework in Frameworks */,
			);
			runOnlyForDeploymentPostprocessing = 0;
		};
		5241E9A51F49E55000107886 /* Frameworks */ = {
			isa = PBXFrameworksBuildPhase;
			buildActionMask = 2147483647;
			files = (
			);
			runOnlyForDeploymentPostprocessing = 0;
		};
		5241E9B01F49E55000107886 /* Frameworks */ = {
			isa = PBXFrameworksBuildPhase;
			buildActionMask = 2147483647;
			files = (
			);
			runOnlyForDeploymentPostprocessing = 0;
		};
/* End PBXFrameworksBuildPhase section */

/* Begin PBXGroup section */
		5241E98B1F49E55000107886 = {
			isa = PBXGroup;
			children = (
				5241E9961F49E55000107886 /* MetalToy */,
				5241E9AB1F49E55000107886 /* MetalToyTests */,
				5241E9B61F49E55000107886 /* MetalToyUITests */,
				5241E9951F49E55000107886 /* Products */,
				5241E9C51F49F0A600107886 /* Frameworks */,
			);
			sourceTree = "<group>";
		};
		5241E9951F49E55000107886 /* Products */ = {
			isa = PBXGroup;
			children = (
				5241E9941F49E55000107886 /* MetalToy.app */,
				5241E9A81F49E55000107886 /* MetalToyTests.xctest */,
				5241E9B31F49E55000107886 /* MetalToyUITests.xctest */,
			);
			name = Products;
			sourceTree = "<group>";
		};
		5241E9961F49E55000107886 /* MetalToy */ = {
			isa = PBXGroup;
			children = (
				5241E9971F49E55000107886 /* AppDelegate.swift */,
				525F0C081F79C08300FADC46 /* ViewController.swift */,
				5241E9991F49E55000107886 /* CodeViewController.swift */,
				525F0C061F79BA0900FADC46 /* MetalViewController.swift */,
				5241E99B1F49E55000107886 /* Main.storyboard */,
				5241E99E1F49E55000107886 /* Assets.xcassets */,
				5241E9A01F49E55000107886 /* LaunchScreen.storyboard */,
				5241E9A31F49E55000107886 /* Info.plist */,
				5241E9CA1F4A234300107886 /* Shaders.metal */,
				5264C0351F4E3610001B9EEC /* Shaders.swift */,
				526D8CAE1FE9D0E100FB80FC /* CompilerOutputParser.swift */,
				5272A99C1FEC8126000D2449 /* PopupMessageViewController.swift */,
				52619EB41FF1BDAD00490EF9 /* CompilerMessageButton.swift */,
				5272A9971FEC7C1F000D2449 /* KUIPopOver */,
				5272A9961FEC799C000D2449 /* SplitKit */,
				52E7C31D1FC7851100087B15 /* Highlightr */,
			);
			path = MetalToy;
			sourceTree = "<group>";
		};
		5241E9AB1F49E55000107886 /* MetalToyTests */ = {
			isa = PBXGroup;
			children = (
				5241E9AC1F49E55000107886 /* MetalToyTests.swift */,
				5241E9AE1F49E55000107886 /* Info.plist */,
			);
			path = MetalToyTests;
			sourceTree = "<group>";
		};
		5241E9B61F49E55000107886 /* MetalToyUITests */ = {
			isa = PBXGroup;
			children = (
				5241E9B71F49E55000107886 /* MetalToyUITests.swift */,
				5241E9B91F49E55000107886 /* Info.plist */,
			);
			path = MetalToyUITests;
			sourceTree = "<group>";
		};
		5241E9C51F49F0A600107886 /* Frameworks */ = {
			isa = PBXGroup;
			children = (
				5241E9C81F49F0B000107886 /* MetalKit.framework */,
				5241E9C61F49F0A600107886 /* Metal.framework */,
			);
			name = Frameworks;
			sourceTree = "<group>";
		};
		5272A9961FEC799C000D2449 /* SplitKit */ = {
			isa = PBXGroup;
			children = (
				528199FC1F7479DE000C62A0 /* Arrangement.swift */,
				528199FD1F7479DE000C62A0 /* HandleView.swift */,
				528199FF1F7479DE000C62A0 /* InstantPanGestureRecognizer.swift */,
				52819A021F7479DE000C62A0 /* SplitViewController.swift */,
				52819A001F7479DE000C62A0 /* Snapped.swift */,
			);
			path = SplitKit;
			sourceTree = "<group>";
		};
		5272A9971FEC7C1F000D2449 /* KUIPopOver */ = {
			isa = PBXGroup;
			children = (
				5272A9981FEC7C49000D2449 /* KUIPopOver.swift */,
				5272A99A1FEC7C55000D2449 /* KUIPopOverUsable.swift */,
			);
			path = KUIPopOver;
			sourceTree = "<group>";
		};
		52E7C31D1FC7851100087B15 /* Highlightr */ = {
			isa = PBXGroup;
			children = (
				52E7C31E1FC7851100087B15 /* Classes */,
				52E7C3241FC7851100087B15 /* Assets */,
			);
			path = Highlightr;
			sourceTree = "<group>";
		};
		52E7C31E1FC7851100087B15 /* Classes */ = {
			isa = PBXGroup;
			children = (
				52E7C31F1FC7851100087B15 /* CodeAttributedString.swift */,
				52E7C3201FC7851100087B15 /* Highlightr.swift */,
				52E7C3221FC7851100087B15 /* HTMLUtils.swift */,
				52E7C3231FC7851100087B15 /* Theme.swift */,
			);
			path = Classes;
			sourceTree = "<group>";
		};
		52E7C3241FC7851100087B15 /* Assets */ = {
			isa = PBXGroup;
			children = (
				52E7C3261FC7851100087B15 /* styles */,
				52E7C3771FC7851200087B15 /* Highlighter */,
			);
			path = Assets;
			sourceTree = "<group>";
		};
		52E7C3261FC7851100087B15 /* styles */ = {
			isa = PBXGroup;
			children = (
				52E7C3271FC7851100087B15 /* vs.min.css */,
				52E7C3281FC7851100087B15 /* atelier-seaside-dark.min.css */,
				52E7C3291FC7851100087B15 /* brown-paper.min.css */,
				52E7C32A1FC7851100087B15 /* atelier-plateau-light.min.css */,
				52E7C32B1FC7851100087B15 /* school-book.min.css */,
				52E7C32C1FC7851100087B15 /* xcode.min.css */,
				52E7C32D1FC7851100087B15 /* atelier-sulphurpool-dark.min.css */,
				52E7C32E1FC7851100087B15 /* tomorrow-night-blue.min.css */,
				52E7C32F1FC7851100087B15 /* vs2015.min.css */,
				52E7C3301FC7851100087B15 /* atelier-heath-dark.min.css */,
				52E7C3311FC7851100087B15 /* paraiso-light.min.css */,
				52E7C3321FC7851100087B15 /* rainbow.min.css */,
				52E7C3331FC7851100087B15 /* qtcreator_light.min.css */,
				52E7C3341FC7851100087B15 /* kimbie.dark.min.css */,
				52E7C3351FC7851100087B15 /* atelier-heath-light.min.css */,
				52E7C3361FC7851100087B15 /* far.min.css */,
				52E7C3371FC7851100087B15 /* atelier-dune-dark.min.css */,
				52E7C3381FC7851100087B15 /* kimbie.light.min.css */,
				52E7C3391FC7851100087B15 /* railscasts.min.css */,
				52E7C33A1FC7851100087B15 /* solarized-dark.min.css */,
				52E7C33B1FC7851100087B15 /* atelier-estuary-light.min.css */,
				52E7C33C1FC7851100087B15 /* xt256.min.css */,
				52E7C33D1FC7851200087B15 /* mono-blue.min.css */,
				52E7C33E1FC7851200087B15 /* ocean.min.css */,
				52E7C33F1FC7851200087B15 /* github-gist.min.css */,
				52E7C3401FC7851200087B15 /* atelier-seaside-light.min.css */,
				52E7C3411FC7851200087B15 /* tomorrow-night-eighties.min.css */,
				52E7C3421FC7851200087B15 /* atom-one-dark.min.css */,
				52E7C3431FC7851200087B15 /* qtcreator_dark.min.css */,
				52E7C3441FC7851200087B15 /* atelier-savanna-dark.min.css */,
				52E7C3451FC7851200087B15 /* color-brewer.min.css */,
				52E7C3461FC7851200087B15 /* pojoaque.min.css */,
				52E7C3471FC7851200087B15 /* routeros.min.css */,
				52E7C3481FC7851200087B15 /* atelier-forest-dark.min.css */,
				52E7C3491FC7851200087B15 /* tomorrow-night.min.css */,
				52E7C34A1FC7851200087B15 /* obsidian.min.css */,
				52E7C34B1FC7851200087B15 /* atelier-lakeside-dark.min.css */,
				52E7C34C1FC7851200087B15 /* gruvbox-light.min.css */,
				52E7C34D1FC7851200087B15 /* idea.min.css */,
				52E7C34E1FC7851200087B15 /* tomorrow.min.css */,
				52E7C34F1FC7851200087B15 /* atelier-forest-light.min.css */,
				52E7C3501FC7851200087B15 /* arduino-light.min.css */,
				52E7C3511FC7851200087B15 /* gruvbox-dark.min.css */,
				52E7C3521FC7851200087B15 /* dracula.min.css */,
				52E7C3531FC7851200087B15 /* magula.min.css */,
				52E7C3541FC7851200087B15 /* arta.min.css */,
				52E7C3551FC7851200087B15 /* purebasic.min.css */,
				52E7C3561FC7851200087B15 /* hopscotch.min.css */,
				52E7C3571FC7851200087B15 /* github.min.css */,
				52E7C3581FC7851200087B15 /* dark.min.css */,
				52E7C3591FC7851200087B15 /* atom-one-light.min.css */,
				52E7C35A1FC7851200087B15 /* monokai.min.css */,
				52E7C35B1FC7851200087B15 /* docco.min.css */,
				52E7C35C1FC7851200087B15 /* default.min.css */,
				52E7C35D1FC7851200087B15 /* ascetic.min.css */,
				52E7C35E1FC7851200087B15 /* atelier-cave-light.min.css */,
				52E7C35F1FC7851200087B15 /* atelier-sulphurpool-light.min.css */,
				52E7C3601FC7851200087B15 /* atelier-plateau-dark.min.css */,
				52E7C3611FC7851200087B15 /* darkula.min.css */,
				52E7C3621FC7851200087B15 /* atelier-cave-dark.min.css */,
				52E7C3631FC7851200087B15 /* ir-black.min.css */,
				52E7C3641FC7851200087B15 /* solarized-light.min.css */,
				52E7C3651FC7851200087B15 /* tomorrow-night-bright.min.css */,
				52E7C3661FC7851200087B15 /* atelier-savanna-light.min.css */,
				52E7C3671FC7851200087B15 /* foundation.min.css */,
				52E7C3681FC7851200087B15 /* codepen-embed.min.css */,
				52E7C3691FC7851200087B15 /* atelier-estuary-dark.min.css */,
				52E7C36A1FC7851200087B15 /* googlecode.min.css */,
				52E7C36B1FC7851200087B15 /* atelier-dune-light.min.css */,
				52E7C36C1FC7851200087B15 /* paraiso-dark.min.css */,
				52E7C36D1FC7851200087B15 /* brown-papersq.png */,
				52E7C36E1FC7851200087B15 /* zenburn.min.css */,
				52E7C36F1FC7851200087B15 /* androidstudio.min.css */,
				52E7C3701FC7851200087B15 /* grayscale.min.css */,
				52E7C3711FC7851200087B15 /* sunburst.min.css */,
				52E7C3721FC7851200087B15 /* agate.min.css */,
				52E7C3731FC7851200087B15 /* hybrid.min.css */,
				52E7C3741FC7851200087B15 /* darcula.min.css */,
				52E7C3751FC7851200087B15 /* atelier-lakeside-light.min.css */,
				52E7C3761FC7851200087B15 /* monokai-sublime.min.css */,
			);
			path = styles;
			sourceTree = "<group>";
		};
		52E7C3771FC7851200087B15 /* Highlighter */ = {
			isa = PBXGroup;
			children = (
				52E7C3781FC7851200087B15 /* LICENSE */,
				52E7C42A1FC7851200087B15 /* highlight.min.js */,
			);
			path = Highlighter;
			sourceTree = "<group>";
		};
/* End PBXGroup section */

/* Begin PBXNativeTarget section */
		5241E9931F49E55000107886 /* MetalToy */ = {
			isa = PBXNativeTarget;
			buildConfigurationList = 5241E9BC1F49E55000107886 /* Build configuration list for PBXNativeTarget "MetalToy" */;
			buildPhases = (
				5241E9901F49E55000107886 /* Sources */,
				5241E9911F49E55000107886 /* Frameworks */,
				5241E9921F49E55000107886 /* Resources */,
			);
			buildRules = (
			);
			dependencies = (
			);
			name = MetalToy;
			productName = MetalToy;
			productReference = 5241E9941F49E55000107886 /* MetalToy.app */;
			productType = "com.apple.product-type.application";
		};
		5241E9A71F49E55000107886 /* MetalToyTests */ = {
			isa = PBXNativeTarget;
			buildConfigurationList = 5241E9BF1F49E55000107886 /* Build configuration list for PBXNativeTarget "MetalToyTests" */;
			buildPhases = (
				5241E9A41F49E55000107886 /* Sources */,
				5241E9A51F49E55000107886 /* Frameworks */,
				5241E9A61F49E55000107886 /* Resources */,
			);
			buildRules = (
			);
			dependencies = (
				5241E9AA1F49E55000107886 /* PBXTargetDependency */,
			);
			name = MetalToyTests;
			productName = MetalToyTests;
			productReference = 5241E9A81F49E55000107886 /* MetalToyTests.xctest */;
			productType = "com.apple.product-type.bundle.unit-test";
		};
		5241E9B21F49E55000107886 /* MetalToyUITests */ = {
			isa = PBXNativeTarget;
			buildConfigurationList = 5241E9C21F49E55000107886 /* Build configuration list for PBXNativeTarget "MetalToyUITests" */;
			buildPhases = (
				5241E9AF1F49E55000107886 /* Sources */,
				5241E9B01F49E55000107886 /* Frameworks */,
				5241E9B11F49E55000107886 /* Resources */,
			);
			buildRules = (
			);
			dependencies = (
				5241E9B51F49E55000107886 /* PBXTargetDependency */,
			);
			name = MetalToyUITests;
			productName = MetalToyUITests;
			productReference = 5241E9B31F49E55000107886 /* MetalToyUITests.xctest */;
			productType = "com.apple.product-type.bundle.ui-testing";
		};
/* End PBXNativeTarget section */

/* Begin PBXProject section */
		5241E98C1F49E55000107886 /* Project object */ = {
			isa = PBXProject;
			attributes = {
				LastSwiftUpdateCheck = 0830;
				LastUpgradeCheck = 0900;
				ORGANIZATIONNAME = "Toni Jovanoski";
				TargetAttributes = {
					5241E9931F49E55000107886 = {
						CreatedOnToolsVersion = 8.3.3;
						DevelopmentTeam = 9XA2D6V342;
						LastSwiftMigration = 0900;
						ProvisioningStyle = Automatic;
					};
					5241E9A71F49E55000107886 = {
						CreatedOnToolsVersion = 8.3.3;
						DevelopmentTeam = 9XA2D6V342;
						LastSwiftMigration = 0900;
						ProvisioningStyle = Automatic;
						TestTargetID = 5241E9931F49E55000107886;
					};
					5241E9B21F49E55000107886 = {
						CreatedOnToolsVersion = 8.3.3;
						DevelopmentTeam = 9XA2D6V342;
						LastSwiftMigration = 0900;
						ProvisioningStyle = Automatic;
						TestTargetID = 5241E9931F49E55000107886;
					};
				};
			};
			buildConfigurationList = 5241E98F1F49E55000107886 /* Build configuration list for PBXProject "MetalToy" */;
			compatibilityVersion = "Xcode 3.2";
			developmentRegion = English;
			hasScannedForEncodings = 0;
			knownRegions = (
				en,
				Base,
			);
			mainGroup = 5241E98B1F49E55000107886;
			productRefGroup = 5241E9951F49E55000107886 /* Products */;
			projectDirPath = "";
			projectRoot = "";
			targets = (
				5241E9931F49E55000107886 /* MetalToy */,
				5241E9A71F49E55000107886 /* MetalToyTests */,
				5241E9B21F49E55000107886 /* MetalToyUITests */,
			);
		};
/* End PBXProject section */

/* Begin PBXResourcesBuildPhase section */
		5241E9921F49E55000107886 /* Resources */ = {
			isa = PBXResourcesBuildPhase;
			buildActionMask = 2147483647;
			files = (
				52E7C4811FC7851200087B15 /* LICENSE in Resources */,
				52E7C45C1FC7851200087B15 /* dracula.min.css in Resources */,
				52E7C43E1FC7851200087B15 /* kimbie.dark.min.css in Resources */,
				52E7C47C1FC7851200087B15 /* agate.min.css in Resources */,
				52E7C47A1FC7851200087B15 /* grayscale.min.css in Resources */,
				52E7C4341FC7851200087B15 /* atelier-plateau-light.min.css in Resources */,
				52E7C45E1FC7851200087B15 /* arta.min.css in Resources */,
				52E7C4381FC7851200087B15 /* tomorrow-night-blue.min.css in Resources */,
				52E7C43B1FC7851200087B15 /* paraiso-light.min.css in Resources */,
				52E7C4391FC7851200087B15 /* vs2015.min.css in Resources */,
				52E7C45A1FC7851200087B15 /* arduino-light.min.css in Resources */,
				52E7C4541FC7851200087B15 /* obsidian.min.css in Resources */,
				52E7C4491FC7851200087B15 /* github-gist.min.css in Resources */,
				52E7C46A1FC7851200087B15 /* atelier-plateau-dark.min.css in Resources */,
				5241E9A21F49E55000107886 /* LaunchScreen.storyboard in Resources */,
				52E7C4401FC7851200087B15 /* far.min.css in Resources */,
				52E7C43F1FC7851200087B15 /* atelier-heath-light.min.css in Resources */,
				52E7C4561FC7851200087B15 /* gruvbox-light.min.css in Resources */,
				52E7C4351FC7851200087B15 /* school-book.min.css in Resources */,
				52E7C4571FC7851200087B15 /* idea.min.css in Resources */,
				52E7C4791FC7851200087B15 /* androidstudio.min.css in Resources */,
				52E7C4651FC7851200087B15 /* docco.min.css in Resources */,
				52E7C47F1FC7851200087B15 /* atelier-lakeside-light.min.css in Resources */,
				52E7C43D1FC7851200087B15 /* qtcreator_light.min.css in Resources */,
				52E7C4361FC7851200087B15 /* xcode.min.css in Resources */,
				52E7C4371FC7851200087B15 /* atelier-sulphurpool-dark.min.css in Resources */,
				52E7C4671FC7851200087B15 /* ascetic.min.css in Resources */,
				52E7C4691FC7851200087B15 /* atelier-sulphurpool-light.min.css in Resources */,
				52E7C4331FC7851200087B15 /* brown-paper.min.css in Resources */,
				52E7C45F1FC7851200087B15 /* purebasic.min.css in Resources */,
				52E7C4801FC7851200087B15 /* monokai-sublime.min.css in Resources */,
				52E7C4521FC7851200087B15 /* atelier-forest-dark.min.css in Resources */,
				52E7C46D1FC7851200087B15 /* ir-black.min.css in Resources */,
				52E7C4761FC7851200087B15 /* paraiso-dark.min.css in Resources */,
				52E7C43C1FC7851200087B15 /* rainbow.min.css in Resources */,
				52E7C4601FC7851200087B15 /* hopscotch.min.css in Resources */,
				52E7C46E1FC7851200087B15 /* solarized-light.min.css in Resources */,
				52E7C46B1FC7851200087B15 /* darkula.min.css in Resources */,
				52E7C4781FC7851200087B15 /* zenburn.min.css in Resources */,
				52E7C4611FC7851200087B15 /* github.min.css in Resources */,
				5241E99F1F49E55000107886 /* Assets.xcassets in Resources */,
				52E7C4511FC7851200087B15 /* routeros.min.css in Resources */,
				52E7C4481FC7851200087B15 /* ocean.min.css in Resources */,
				52E7C4321FC7851200087B15 /* atelier-seaside-dark.min.css in Resources */,
				52E7C47D1FC7851200087B15 /* hybrid.min.css in Resources */,
				52E7C4681FC7851200087B15 /* atelier-cave-light.min.css in Resources */,
				52E7C4721FC7851200087B15 /* codepen-embed.min.css in Resources */,
				52E7C4311FC7851200087B15 /* vs.min.css in Resources */,
				52E7C44D1FC7851200087B15 /* qtcreator_dark.min.css in Resources */,
				52E7C46C1FC7851200087B15 /* atelier-cave-dark.min.css in Resources */,
				52E7C4741FC7851200087B15 /* googlecode.min.css in Resources */,
				52E7C44F1FC7851200087B15 /* color-brewer.min.css in Resources */,
				52E7C47B1FC7851200087B15 /* sunburst.min.css in Resources */,
				52E7C47E1FC7851200087B15 /* darcula.min.css in Resources */,
				52E7C4531FC7851200087B15 /* tomorrow-night.min.css in Resources */,
				5241E99D1F49E55000107886 /* Main.storyboard in Resources */,
				52E7C4501FC7851200087B15 /* pojoaque.min.css in Resources */,
				52E7C4631FC7851200087B15 /* atom-one-light.min.css in Resources */,
				52E7C5321FC7851200087B15 /* highlight.min.js in Resources */,
				52E7C4621FC7851200087B15 /* dark.min.css in Resources */,
				52E7C46F1FC7851200087B15 /* tomorrow-night-bright.min.css in Resources */,
				52E7C44C1FC7851200087B15 /* atom-one-dark.min.css in Resources */,
				52E7C4711FC7851200087B15 /* foundation.min.css in Resources */,
				52E7C4751FC7851200087B15 /* atelier-dune-light.min.css in Resources */,
				52E7C4471FC7851200087B15 /* mono-blue.min.css in Resources */,
				52E7C4701FC7851200087B15 /* atelier-savanna-light.min.css in Resources */,
				52E7C44B1FC7851200087B15 /* tomorrow-night-eighties.min.css in Resources */,
				52E7C45D1FC7851200087B15 /* magula.min.css in Resources */,
				52E7C4431FC7851200087B15 /* railscasts.min.css in Resources */,
				52E7C4661FC7851200087B15 /* default.min.css in Resources */,
				52E7C4411FC7851200087B15 /* atelier-dune-dark.min.css in Resources */,
				52E7C4551FC7851200087B15 /* atelier-lakeside-dark.min.css in Resources */,
				52E7C4731FC7851200087B15 /* atelier-estuary-dark.min.css in Resources */,
				52E7C4641FC7851200087B15 /* monokai.min.css in Resources */,
				52E7C4441FC7851200087B15 /* solarized-dark.min.css in Resources */,
				52E7C4421FC7851200087B15 /* kimbie.light.min.css in Resources */,
				52E7C4461FC7851200087B15 /* xt256.min.css in Resources */,
				52E7C45B1FC7851200087B15 /* gruvbox-dark.min.css in Resources */,
				52E7C43A1FC7851200087B15 /* atelier-heath-dark.min.css in Resources */,
				52E7C44A1FC7851200087B15 /* atelier-seaside-light.min.css in Resources */,
				52E7C44E1FC7851200087B15 /* atelier-savanna-dark.min.css in Resources */,
				52E7C4451FC7851200087B15 /* atelier-estuary-light.min.css in Resources */,
				52E7C4771FC7851200087B15 /* brown-papersq.png in Resources */,
				52E7C4591FC7851200087B15 /* atelier-forest-light.min.css in Resources */,
				52E7C4581FC7851200087B15 /* tomorrow.min.css in Resources */,
			);
			runOnlyForDeploymentPostprocessing = 0;
		};
		5241E9A61F49E55000107886 /* Resources */ = {
			isa = PBXResourcesBuildPhase;
			buildActionMask = 2147483647;
			files = (
			);
			runOnlyForDeploymentPostprocessing = 0;
		};
		5241E9B11F49E55000107886 /* Resources */ = {
			isa = PBXResourcesBuildPhase;
			buildActionMask = 2147483647;
			files = (
			);
			runOnlyForDeploymentPostprocessing = 0;
		};
/* End PBXResourcesBuildPhase section */

/* Begin PBXSourcesBuildPhase section */
		5241E9901F49E55000107886 /* Sources */ = {
			isa = PBXSourcesBuildPhase;
			buildActionMask = 2147483647;
			files = (
				525F0C091F79C08300FADC46 /* ViewController.swift in Sources */,
				5241E9CB1F4A234300107886 /* Shaders.metal in Sources */,
				52619EB51FF1BDAD00490EF9 /* CompilerMessageButton.swift in Sources */,
				52E7C42E1FC7851200087B15 /* HTMLUtils.swift in Sources */,
				5272A99D1FEC8126000D2449 /* PopupMessageViewController.swift in Sources */,
				5272A9991FEC7C49000D2449 /* KUIPopOver.swift in Sources */,
				521BF4901F79C53600ABCAED /* SplitViewController.swift in Sources */,
				521BF48D1F79C53200ABCAED /* HandleView.swift in Sources */,
				5241E99A1F49E55000107886 /* CodeViewController.swift in Sources */,
				525F0C071F79BA0900FADC46 /* MetalViewController.swift in Sources */,
				521BF48E1F79C53400ABCAED /* InstantPanGestureRecognizer.swift in Sources */,
				52E7C42B1FC7851200087B15 /* CodeAttributedString.swift in Sources */,
				5264C0361F4E3610001B9EEC /* Shaders.swift in Sources */,
				5241E9981F49E55000107886 /* AppDelegate.swift in Sources */,
				52E7C42C1FC7851200087B15 /* Highlightr.swift in Sources */,
				52E7C42F1FC7851200087B15 /* Theme.swift in Sources */,
				521BF48C1F79C53000ABCAED /* Arrangement.swift in Sources */,
				5272A99B1FEC7C55000D2449 /* KUIPopOverUsable.swift in Sources */,
				526D8CAF1FE9D0E100FB80FC /* CompilerOutputParser.swift in Sources */,
				521BF48F1F79C53500ABCAED /* Snapped.swift in Sources */,
			);
			runOnlyForDeploymentPostprocessing = 0;
		};
		5241E9A41F49E55000107886 /* Sources */ = {
			isa = PBXSourcesBuildPhase;
			buildActionMask = 2147483647;
			files = (
				5241E9AD1F49E55000107886 /* MetalToyTests.swift in Sources */,
			);
			runOnlyForDeploymentPostprocessing = 0;
		};
		5241E9AF1F49E55000107886 /* Sources */ = {
			isa = PBXSourcesBuildPhase;
			buildActionMask = 2147483647;
			files = (
				5241E9B81F49E55000107886 /* MetalToyUITests.swift in Sources */,
			);
			runOnlyForDeploymentPostprocessing = 0;
		};
/* End PBXSourcesBuildPhase section */

/* Begin PBXTargetDependency section */
		5241E9AA1F49E55000107886 /* PBXTargetDependency */ = {
			isa = PBXTargetDependency;
			target = 5241E9931F49E55000107886 /* MetalToy */;
			targetProxy = 5241E9A91F49E55000107886 /* PBXContainerItemProxy */;
		};
		5241E9B51F49E55000107886 /* PBXTargetDependency */ = {
			isa = PBXTargetDependency;
			target = 5241E9931F49E55000107886 /* MetalToy */;
			targetProxy = 5241E9B41F49E55000107886 /* PBXContainerItemProxy */;
		};
/* End PBXTargetDependency section */

/* Begin PBXVariantGroup section */
		5241E99B1F49E55000107886 /* Main.storyboard */ = {
			isa = PBXVariantGroup;
			children = (
				5241E99C1F49E55000107886 /* Base */,
			);
			name = Main.storyboard;
			sourceTree = "<group>";
		};
		5241E9A01F49E55000107886 /* LaunchScreen.storyboard */ = {
			isa = PBXVariantGroup;
			children = (
				5241E9A11F49E55000107886 /* Base */,
			);
			name = LaunchScreen.storyboard;
			sourceTree = "<group>";
		};
/* End PBXVariantGroup section */

/* Begin XCBuildConfiguration section */
		5241E9BA1F49E55000107886 /* Debug */ = {
			isa = XCBuildConfiguration;
			buildSettings = {
				ALWAYS_SEARCH_USER_PATHS = NO;
				CLANG_ANALYZER_NONNULL = YES;
				CLANG_ANALYZER_NUMBER_OBJECT_CONVERSION = YES_AGGRESSIVE;
				CLANG_CXX_LANGUAGE_STANDARD = "gnu++0x";
				CLANG_CXX_LIBRARY = "libc++";
				CLANG_ENABLE_MODULES = YES;
				CLANG_ENABLE_OBJC_ARC = YES;
				CLANG_WARN_BLOCK_CAPTURE_AUTORELEASING = YES;
				CLANG_WARN_BOOL_CONVERSION = YES;
				CLANG_WARN_COMMA = YES;
				CLANG_WARN_CONSTANT_CONVERSION = YES;
				CLANG_WARN_DIRECT_OBJC_ISA_USAGE = YES_ERROR;
				CLANG_WARN_DOCUMENTATION_COMMENTS = YES;
				CLANG_WARN_EMPTY_BODY = YES;
				CLANG_WARN_ENUM_CONVERSION = YES;
				CLANG_WARN_INFINITE_RECURSION = YES;
				CLANG_WARN_INT_CONVERSION = YES;
				CLANG_WARN_NON_LITERAL_NULL_CONVERSION = YES;
				CLANG_WARN_OBJC_LITERAL_CONVERSION = YES;
				CLANG_WARN_OBJC_ROOT_CLASS = YES_ERROR;
				CLANG_WARN_RANGE_LOOP_ANALYSIS = YES;
				CLANG_WARN_STRICT_PROTOTYPES = YES;
				CLANG_WARN_SUSPICIOUS_MOVE = YES;
				CLANG_WARN_UNREACHABLE_CODE = YES;
				CLANG_WARN__DUPLICATE_METHOD_MATCH = YES;
				"CODE_SIGN_IDENTITY[sdk=iphoneos*]" = "iPhone Developer";
				COPY_PHASE_STRIP = NO;
				DEBUG_INFORMATION_FORMAT = dwarf;
				ENABLE_STRICT_OBJC_MSGSEND = YES;
				ENABLE_TESTABILITY = YES;
				GCC_C_LANGUAGE_STANDARD = gnu99;
				GCC_DYNAMIC_NO_PIC = NO;
				GCC_NO_COMMON_BLOCKS = YES;
				GCC_OPTIMIZATION_LEVEL = 0;
				GCC_PREPROCESSOR_DEFINITIONS = (
					"DEBUG=1",
					"$(inherited)",
				);
				GCC_WARN_64_TO_32_BIT_CONVERSION = YES;
				GCC_WARN_ABOUT_RETURN_TYPE = YES_ERROR;
				GCC_WARN_UNDECLARED_SELECTOR = YES;
				GCC_WARN_UNINITIALIZED_AUTOS = YES_AGGRESSIVE;
				GCC_WARN_UNUSED_FUNCTION = YES;
				GCC_WARN_UNUSED_VARIABLE = YES;
				IPHONEOS_DEPLOYMENT_TARGET = 10.3;
				MTL_ENABLE_DEBUG_INFO = YES;
				ONLY_ACTIVE_ARCH = YES;
				SDKROOT = iphoneos;
				SWIFT_ACTIVE_COMPILATION_CONDITIONS = DEBUG;
				SWIFT_OPTIMIZATION_LEVEL = "-Onone";
				TARGETED_DEVICE_FAMILY = 2;
			};
			name = Debug;
		};
		5241E9BB1F49E55000107886 /* Release */ = {
			isa = XCBuildConfiguration;
			buildSettings = {
				ALWAYS_SEARCH_USER_PATHS = NO;
				CLANG_ANALYZER_NONNULL = YES;
				CLANG_ANALYZER_NUMBER_OBJECT_CONVERSION = YES_AGGRESSIVE;
				CLANG_CXX_LANGUAGE_STANDARD = "gnu++0x";
				CLANG_CXX_LIBRARY = "libc++";
				CLANG_ENABLE_MODULES = YES;
				CLANG_ENABLE_OBJC_ARC = YES;
				CLANG_WARN_BLOCK_CAPTURE_AUTORELEASING = YES;
				CLANG_WARN_BOOL_CONVERSION = YES;
				CLANG_WARN_COMMA = YES;
				CLANG_WARN_CONSTANT_CONVERSION = YES;
				CLANG_WARN_DIRECT_OBJC_ISA_USAGE = YES_ERROR;
				CLANG_WARN_DOCUMENTATION_COMMENTS = YES;
				CLANG_WARN_EMPTY_BODY = YES;
				CLANG_WARN_ENUM_CONVERSION = YES;
				CLANG_WARN_INFINITE_RECURSION = YES;
				CLANG_WARN_INT_CONVERSION = YES;
				CLANG_WARN_NON_LITERAL_NULL_CONVERSION = YES;
				CLANG_WARN_OBJC_LITERAL_CONVERSION = YES;
				CLANG_WARN_OBJC_ROOT_CLASS = YES_ERROR;
				CLANG_WARN_RANGE_LOOP_ANALYSIS = YES;
				CLANG_WARN_STRICT_PROTOTYPES = YES;
				CLANG_WARN_SUSPICIOUS_MOVE = YES;
				CLANG_WARN_UNREACHABLE_CODE = YES;
				CLANG_WARN__DUPLICATE_METHOD_MATCH = YES;
				"CODE_SIGN_IDENTITY[sdk=iphoneos*]" = "iPhone Developer";
				COPY_PHASE_STRIP = NO;
				DEBUG_INFORMATION_FORMAT = "dwarf-with-dsym";
				ENABLE_NS_ASSERTIONS = NO;
				ENABLE_STRICT_OBJC_MSGSEND = YES;
				GCC_C_LANGUAGE_STANDARD = gnu99;
				GCC_NO_COMMON_BLOCKS = YES;
				GCC_WARN_64_TO_32_BIT_CONVERSION = YES;
				GCC_WARN_ABOUT_RETURN_TYPE = YES_ERROR;
				GCC_WARN_UNDECLARED_SELECTOR = YES;
				GCC_WARN_UNINITIALIZED_AUTOS = YES_AGGRESSIVE;
				GCC_WARN_UNUSED_FUNCTION = YES;
				GCC_WARN_UNUSED_VARIABLE = YES;
				IPHONEOS_DEPLOYMENT_TARGET = 10.3;
				MTL_ENABLE_DEBUG_INFO = NO;
				SDKROOT = iphoneos;
				SWIFT_OPTIMIZATION_LEVEL = "-Owholemodule";
				TARGETED_DEVICE_FAMILY = 2;
				VALIDATE_PRODUCT = YES;
			};
			name = Release;
		};
		5241E9BD1F49E55000107886 /* Debug */ = {
			isa = XCBuildConfiguration;
			buildSettings = {
				ASSETCATALOG_COMPILER_APPICON_NAME = AppIcon;
				DEVELOPMENT_TEAM = 9XA2D6V342;
				INFOPLIST_FILE = MetalToy/Info.plist;
				IPHONEOS_DEPLOYMENT_TARGET = 11.0;
				LD_RUNPATH_SEARCH_PATHS = "$(inherited) @executable_path/Frameworks";
				PRODUCT_BUNDLE_IDENTIFIER = antonie.jovanoski.MetalToy;
				PRODUCT_NAME = "$(TARGET_NAME)";
				SWIFT_SWIFT3_OBJC_INFERENCE = On;
				SWIFT_VERSION = 4.0;
			};
			name = Debug;
		};
		5241E9BE1F49E55000107886 /* Release */ = {
			isa = XCBuildConfiguration;
			buildSettings = {
				ASSETCATALOG_COMPILER_APPICON_NAME = AppIcon;
				DEVELOPMENT_TEAM = 9XA2D6V342;
				INFOPLIST_FILE = MetalToy/Info.plist;
				IPHONEOS_DEPLOYMENT_TARGET = 11.0;
				LD_RUNPATH_SEARCH_PATHS = "$(inherited) @executable_path/Frameworks";
				PRODUCT_BUNDLE_IDENTIFIER = antonie.jovanoski.MetalToy;
				PRODUCT_NAME = "$(TARGET_NAME)";
				SWIFT_SWIFT3_OBJC_INFERENCE = On;
				SWIFT_VERSION = 4.0;
			};
			name = Release;
		};
		5241E9C01F49E55000107886 /* Debug */ = {
			isa = XCBuildConfiguration;
			buildSettings = {
				ALWAYS_EMBED_SWIFT_STANDARD_LIBRARIES = YES;
				BUNDLE_LOADER = "$(TEST_HOST)";
				DEVELOPMENT_TEAM = 9XA2D6V342;
				INFOPLIST_FILE = MetalToyTests/Info.plist;
				LD_RUNPATH_SEARCH_PATHS = "$(inherited) @executable_path/Frameworks @loader_path/Frameworks";
				PRODUCT_BUNDLE_IDENTIFIER = antonie.jovanoski.MetalToyTests;
				PRODUCT_NAME = "$(TARGET_NAME)";
				SWIFT_SWIFT3_OBJC_INFERENCE = On;
				SWIFT_VERSION = 4.0;
				TEST_HOST = "$(BUILT_PRODUCTS_DIR)/MetalToy.app/MetalToy";
			};
			name = Debug;
		};
		5241E9C11F49E55000107886 /* Release */ = {
			isa = XCBuildConfiguration;
			buildSettings = {
				ALWAYS_EMBED_SWIFT_STANDARD_LIBRARIES = YES;
				BUNDLE_LOADER = "$(TEST_HOST)";
				DEVELOPMENT_TEAM = 9XA2D6V342;
				INFOPLIST_FILE = MetalToyTests/Info.plist;
				LD_RUNPATH_SEARCH_PATHS = "$(inherited) @executable_path/Frameworks @loader_path/Frameworks";
				PRODUCT_BUNDLE_IDENTIFIER = antonie.jovanoski.MetalToyTests;
				PRODUCT_NAME = "$(TARGET_NAME)";
				SWIFT_SWIFT3_OBJC_INFERENCE = On;
				SWIFT_VERSION = 4.0;
				TEST_HOST = "$(BUILT_PRODUCTS_DIR)/MetalToy.app/MetalToy";
			};
			name = Release;
		};
		5241E9C31F49E55000107886 /* Debug */ = {
			isa = XCBuildConfiguration;
			buildSettings = {
				ALWAYS_EMBED_SWIFT_STANDARD_LIBRARIES = YES;
				DEVELOPMENT_TEAM = 9XA2D6V342;
				INFOPLIST_FILE = MetalToyUITests/Info.plist;
				LD_RUNPATH_SEARCH_PATHS = "$(inherited) @executable_path/Frameworks @loader_path/Frameworks";
				PRODUCT_BUNDLE_IDENTIFIER = antonie.jovanoski.MetalToyUITests;
				PRODUCT_NAME = "$(TARGET_NAME)";
				SWIFT_SWIFT3_OBJC_INFERENCE = On;
				SWIFT_VERSION = 4.0;
				TEST_TARGET_NAME = MetalToy;
			};
			name = Debug;
		};
		5241E9C41F49E55000107886 /* Release */ = {
			isa = XCBuildConfiguration;
			buildSettings = {
				ALWAYS_EMBED_SWIFT_STANDARD_LIBRARIES = YES;
				DEVELOPMENT_TEAM = 9XA2D6V342;
				INFOPLIST_FILE = MetalToyUITests/Info.plist;
				LD_RUNPATH_SEARCH_PATHS = "$(inherited) @executable_path/Frameworks @loader_path/Frameworks";
				PRODUCT_BUNDLE_IDENTIFIER = antonie.jovanoski.MetalToyUITests;
				PRODUCT_NAME = "$(TARGET_NAME)";
				SWIFT_SWIFT3_OBJC_INFERENCE = On;
				SWIFT_VERSION = 4.0;
				TEST_TARGET_NAME = MetalToy;
			};
			name = Release;
		};
/* End XCBuildConfiguration section */

/* Begin XCConfigurationList section */
		5241E98F1F49E55000107886 /* Build configuration list for PBXProject "MetalToy" */ = {
			isa = XCConfigurationList;
			buildConfigurations = (
				5241E9BA1F49E55000107886 /* Debug */,
				5241E9BB1F49E55000107886 /* Release */,
			);
			defaultConfigurationIsVisible = 0;
			defaultConfigurationName = Release;
		};
		5241E9BC1F49E55000107886 /* Build configuration list for PBXNativeTarget "MetalToy" */ = {
			isa = XCConfigurationList;
			buildConfigurations = (
				5241E9BD1F49E55000107886 /* Debug */,
				5241E9BE1F49E55000107886 /* Release */,
			);
			defaultConfigurationIsVisible = 0;
			defaultConfigurationName = Release;
		};
		5241E9BF1F49E55000107886 /* Build configuration list for PBXNativeTarget "MetalToyTests" */ = {
			isa = XCConfigurationList;
			buildConfigurations = (
				5241E9C01F49E55000107886 /* Debug */,
				5241E9C11F49E55000107886 /* Release */,
			);
			defaultConfigurationIsVisible = 0;
			defaultConfigurationName = Release;
		};
		5241E9C21F49E55000107886 /* Build configuration list for PBXNativeTarget "MetalToyUITests" */ = {
			isa = XCConfigurationList;
			buildConfigurations = (
				5241E9C31F49E55000107886 /* Debug */,
				5241E9C41F49E55000107886 /* Release */,
			);
			defaultConfigurationIsVisible = 0;
			defaultConfigurationName = Release;
		};
/* End XCConfigurationList section */
	};
	rootObject = 5241E98C1F49E55000107886 /* Project object */;
}
